
Microsoft Visual Studio Solution File, Format Version 12.00
# Visual Studio Version 17
VisualStudioVersion = 17.9.34607.119
MinimumVisualStudioVersion = 10.0.40219.1
Project("{FAE04EC0-301F-11D3-BF4B-00C04F79EFBC}") = "ProtanopiaSimulator", "ProtanopiaSimulator\ProtanopiaSimulator.csproj", "{3282148F-652A-4BC2-8EC4-5CEF35120159}"
EndProject
Global
	GlobalSection(SolutionConfigurationPlatforms) = preSolution
		Debug|Any CPU = Debug|Any CPU
		Release|Any CPU = Release|Any CPU
	EndGlobalSection
	GlobalSection(ProjectConfigurationPlatforms) = postSolution
		{3282148F-652A-4BC2-8EC4-5CEF35120159}.Debug|Any CPU.ActiveCfg = Debug|Any CPU
		{3282148F-652A-4BC2-8EC4-5CEF35120159}.Debug|Any CPU.Build.0 = Debug|Any CPU
		{3282148F-652A-4BC2-8EC4-5CEF35120159}.Release|Any CPU.ActiveCfg = Release|Any CPU
		{3282148F-652A-4BC2-8EC4-5CEF35120159}.Release|Any CPU.Build.0 = Release|Any CPU
	EndGlobalSection
	GlobalSection(SolutionProperties) = preSolution
		HideSolutionNode = FALSE
	EndGlobalSection
	GlobalSection(ExtensibilityGlobals) = postSolution
		SolutionGuid = {8D17B71E-88F0-4ED5-9D59-0D4C3B26577A}
	EndGlobalSection
EndGlobal
